// !$*UTF8*$!
{
	archiveVersion = 1;
	classes = {
	};
	objectVersion = 56;
	objects = {

/* Begin PBXBuildFile section */
		D6479E532B0B0F8B00AC6BBD /* SMARTAPPApp.swift in Sources */ = {isa = PBXBuildFile; fileRef = D6479E522B0B0F8B00AC6BBD /* SMARTAPPApp.swift */; };
		D6479E552B0B0F8B00AC6BBD /* ContentView.swift in Sources */ = {isa = PBXBuildFile; fileRef = D6479E542B0B0F8B00AC6BBD /* ContentView.swift */; };
		D6479E572B0B0F8D00AC6BBD /* Assets.xcassets in Resources */ = {isa = PBXBuildFile; fileRef = D6479E562B0B0F8D00AC6BBD /* Assets.xcassets */; };
		D6479E5A2B0B0F8D00AC6BBD /* Preview Assets.xcassets in Resources */ = {isa = PBXBuildFile; fileRef = D6479E592B0B0F8D00AC6BBD /* Preview Assets.xcassets */; };
		D6479E642B0B0F8D00AC6BBD /* SMARTAPPTests.swift in Sources */ = {isa = PBXBuildFile; fileRef = D6479E632B0B0F8D00AC6BBD /* SMARTAPPTests.swift */; };
		D6479E6E2B0B0F8D00AC6BBD /* SMARTAPPUITests.swift in Sources */ = {isa = PBXBuildFile; fileRef = D6479E6D2B0B0F8D00AC6BBD /* SMARTAPPUITests.swift */; };
		D6479E702B0B0F8D00AC6BBD /* SMARTAPPUITestsLaunchTests.swift in Sources */ = {isa = PBXBuildFile; fileRef = D6479E6F2B0B0F8D00AC6BBD /* SMARTAPPUITestsLaunchTests.swift */; };
/* End PBXBuildFile section */

/* Begin PBXContainerItemProxy section */
		D6479E602B0B0F8D00AC6BBD /* PBXContainerItemProxy */ = {
			isa = PBXContainerItemProxy;
			containerPortal = D6479E472B0B0F8B00AC6BBD /* Project object */;
			proxyType = 1;
			remoteGlobalIDString = D6479E4E2B0B0F8B00AC6BBD;
			remoteInfo = SMARTAPP;
		};
		D6479E6A2B0B0F8D00AC6BBD /* PBXContainerItemProxy */ = {
			isa = PBXContainerItemProxy;
			containerPortal = D6479E472B0B0F8B00AC6BBD /* Project object */;
			proxyType = 1;
			remoteGlobalIDString = D6479E4E2B0B0F8B00AC6BBD;
			remoteInfo = SMARTAPP;
		};
/* End PBXContainerItemProxy section */

/* Begin PBXFileReference section */
		D6479E4F2B0B0F8B00AC6BBD /* SMARTAPP.app */ = {isa = PBXFileReference; explicitFileType = wrapper.application; includeInIndex = 0; path = SMARTAPP.app; sourceTree = BUILT_PRODUCTS_DIR; };
		D6479E522B0B0F8B00AC6BBD /* SMARTAPPApp.swift */ = {isa = PBXFileReference; lastKnownFileType = sourcecode.swift; path = SMARTAPPApp.swift; sourceTree = "<group>"; };
		D6479E542B0B0F8B00AC6BBD /* ContentView.swift */ = {isa = PBXFileReference; lastKnownFileType = sourcecode.swift; path = ContentView.swift; sourceTree = "<group>"; };
		D6479E562B0B0F8D00AC6BBD /* Assets.xcassets */ = {isa = PBXFileReference; lastKnownFileType = folder.assetcatalog; path = Assets.xcassets; sourceTree = "<group>"; };
		D6479E592B0B0F8D00AC6BBD /* Preview Assets.xcassets */ = {isa = PBXFileReference; lastKnownFileType = folder.assetcatalog; path = "Preview Assets.xcassets"; sourceTree = "<group>"; };
		D6479E5F2B0B0F8D00AC6BBD /* SMARTAPPTests.xctest */ = {isa = PBXFileReference; explicitFileType = wrapper.cfbundle; includeInIndex = 0; path = SMARTAPPTests.xctest; sourceTree = BUILT_PRODUCTS_DIR; };
		D6479E632B0B0F8D00AC6BBD /* SMARTAPPTests.swift */ = {isa = PBXFileReference; lastKnownFileType = sourcecode.swift; path = SMARTAPPTests.swift; sourceTree = "<group>"; };
		D6479E692B0B0F8D00AC6BBD /* SMARTAPPUITests.xctest */ = {isa = PBXFileReference; explicitFileType = wrapper.cfbundle; includeInIndex = 0; path = SMARTAPPUITests.xctest; sourceTree = BUILT_PRODUCTS_DIR; };
		D6479E6D2B0B0F8D00AC6BBD /* SMARTAPPUITests.swift */ = {isa = PBXFileReference; lastKnownFileType = sourcecode.swift; path = SMARTAPPUITests.swift; sourceTree = "<group>"; };
		D6479E6F2B0B0F8D00AC6BBD /* SMARTAPPUITestsLaunchTests.swift */ = {isa = PBXFileReference; lastKnownFileType = sourcecode.swift; path = SMARTAPPUITestsLaunchTests.swift; sourceTree = "<group>"; };
/* End PBXFileReference section */

/* Begin PBXFrameworksBuildPhase section */
		D6479E4C2B0B0F8B00AC6BBD /* Frameworks */ = {
			isa = PBXFrameworksBuildPhase;
			buildActionMask = 2147483647;
			files = (
			);
			runOnlyForDeploymentPostprocessing = 0;
		};
		D6479E5C2B0B0F8D00AC6BBD /* Frameworks */ = {
			isa = PBXFrameworksBuildPhase;
			buildActionMask = 2147483647;
			files = (
			);
			runOnlyForDeploymentPostprocessing = 0;
		};
		D6479E662B0B0F8D00AC6BBD /* Frameworks */ = {
			isa = PBXFrameworksBuildPhase;
			buildActionMask = 2147483647;
			files = (
			);
			runOnlyForDeploymentPostprocessing = 0;
		};
/* End PBXFrameworksBuildPhase section */

/* Begin PBXGroup section */
		D6479E462B0B0F8B00AC6BBD = {
			isa = PBXGroup;
			children = (
				D6479E512B0B0F8B00AC6BBD /* SMARTAPP */,
				D6479E622B0B0F8D00AC6BBD /* SMARTAPPTests */,
				D6479E6C2B0B0F8D00AC6BBD /* SMARTAPPUITests */,
				D6479E502B0B0F8B00AC6BBD /* Products */,
			);
			sourceTree = "<group>";
		};
		D6479E502B0B0F8B00AC6BBD /* Products */ = {
			isa = PBXGroup;
			children = (
				D6479E4F2B0B0F8B00AC6BBD /* SMARTAPP.app */,
				D6479E5F2B0B0F8D00AC6BBD /* SMARTAPPTests.xctest */,
				D6479E692B0B0F8D00AC6BBD /* SMARTAPPUITests.xctest */,
			);
			name = Products;
			sourceTree = "<group>";
		};
		D6479E512B0B0F8B00AC6BBD /* SMARTAPP */ = {
			isa = PBXGroup;
			children = (
				D6479E522B0B0F8B00AC6BBD /* SMARTAPPApp.swift */,
				D6479E542B0B0F8B00AC6BBD /* ContentView.swift */,
				D6479E562B0B0F8D00AC6BBD /* Assets.xcassets */,
				D6479E582B0B0F8D00AC6BBD /* Preview Content */,
			);
			path = SMARTAPP;
			sourceTree = "<group>";
		};
		D6479E582B0B0F8D00AC6BBD /* Preview Content */ = {
			isa = PBXGroup;
			children = (
				D6479E592B0B0F8D00AC6BBD /* Preview Assets.xcassets */,
			);
			path = "Preview Content";
			sourceTree = "<group>";
		};
		D6479E622B0B0F8D00AC6BBD /* SMARTAPPTests */ = {
			isa = PBXGroup;
			children = (
				D6479E632B0B0F8D00AC6BBD /* SMARTAPPTests.swift */,
			);
			path = SMARTAPPTests;
			sourceTree = "<group>";
		};
		D6479E6C2B0B0F8D00AC6BBD /* SMARTAPPUITests */ = {
			isa = PBXGroup;
			children = (
				D6479E6D2B0B0F8D00AC6BBD /* SMARTAPPUITests.swift */,
				D6479E6F2B0B0F8D00AC6BBD /* SMARTAPPUITestsLaunchTests.swift */,
			);
			path = SMARTAPPUITests;
			sourceTree = "<group>";
		};
/* End PBXGroup section */

/* Begin PBXNativeTarget section */
		D6479E4E2B0B0F8B00AC6BBD /* SMARTAPP */ = {
			isa = PBXNativeTarget;
			buildConfigurationList = D6479E732B0B0F8D00AC6BBD /* Build configuration list for PBXNativeTarget "SMARTAPP" */;
			buildPhases = (
				D6479E4B2B0B0F8B00AC6BBD /* Sources */,
				D6479E4C2B0B0F8B00AC6BBD /* Frameworks */,
				D6479E4D2B0B0F8B00AC6BBD /* Resources */,
			);
			buildRules = (
			);
			dependencies = (
			);
			name = SMARTAPP;
			productName = SMARTAPP;
			productReference = D6479E4F2B0B0F8B00AC6BBD /* SMARTAPP.app */;
			productType = "com.apple.product-type.application";
		};
		D6479E5E2B0B0F8D00AC6BBD /* SMARTAPPTests */ = {
			isa = PBXNativeTarget;
			buildConfigurationList = D6479E762B0B0F8D00AC6BBD /* Build configuration list for PBXNativeTarget "SMARTAPPTests" */;
			buildPhases = (
				D6479E5B2B0B0F8D00AC6BBD /* Sources */,
				D6479E5C2B0B0F8D00AC6BBD /* Frameworks */,
				D6479E5D2B0B0F8D00AC6BBD /* Resources */,
			);
			buildRules = (
			);
			dependencies = (
				D6479E612B0B0F8D00AC6BBD /* PBXTargetDependency */,
			);
			name = SMARTAPPTests;
			productName = SMARTAPPTests;
			productReference = D6479E5F2B0B0F8D00AC6BBD /* SMARTAPPTests.xctest */;
			productType = "com.apple.product-type.bundle.unit-test";
		};
		D6479E682B0B0F8D00AC6BBD /* SMARTAPPUITests */ = {
			isa = PBXNativeTarget;
			buildConfigurationList = D6479E792B0B0F8D00AC6BBD /* Build configuration list for PBXNativeTarget "SMARTAPPUITests" */;
			buildPhases = (
				D6479E652B0B0F8D00AC6BBD /* Sources */,
				D6479E662B0B0F8D00AC6BBD /* Frameworks */,
				D6479E672B0B0F8D00AC6BBD /* Resources */,
			);
			buildRules = (
			);
			dependencies = (
				D6479E6B2B0B0F8D00AC6BBD /* PBXTargetDependency */,
			);
			name = SMARTAPPUITests;
			productName = SMARTAPPUITests;
			productReference = D6479E692B0B0F8D00AC6BBD /* SMARTAPPUITests.xctest */;
			productType = "com.apple.product-type.bundle.ui-testing";
		};
/* End PBXNativeTarget section */

/* Begin PBXProject section */
		D6479E472B0B0F8B00AC6BBD /* Project object */ = {
			isa = PBXProject;
			attributes = {
				BuildIndependentTargetsInParallel = 1;
				LastSwiftUpdateCheck = 1500;
				LastUpgradeCheck = 1500;
				TargetAttributes = {
					D6479E4E2B0B0F8B00AC6BBD = {
						CreatedOnToolsVersion = 15.0.1;
					};
					D6479E5E2B0B0F8D00AC6BBD = {
						CreatedOnToolsVersion = 15.0.1;
						TestTargetID = D6479E4E2B0B0F8B00AC6BBD;
					};
					D6479E682B0B0F8D00AC6BBD = {
						CreatedOnToolsVersion = 15.0.1;
						TestTargetID = D6479E4E2B0B0F8B00AC6BBD;
					};
				};
			};
			buildConfigurationList = D6479E4A2B0B0F8B00AC6BBD /* Build configuration list for PBXProject "SMARTAPP" */;
			compatibilityVersion = "Xcode 14.0";
			developmentRegion = en;
			hasScannedForEncodings = 0;
			knownRegions = (
				en,
				Base,
			);
			mainGroup = D6479E462B0B0F8B00AC6BBD;
			productRefGroup = D6479E502B0B0F8B00AC6BBD /* Products */;
			projectDirPath = "";
			projectRoot = "";
			targets = (
				D6479E4E2B0B0F8B00AC6BBD /* SMARTAPP */,
				D6479E5E2B0B0F8D00AC6BBD /* SMARTAPPTests */,
				D6479E682B0B0F8D00AC6BBD /* SMARTAPPUITests */,
			);
		};
/* End PBXProject section */

/* Begin PBXResourcesBuildPhase section */
		D6479E4D2B0B0F8B00AC6BBD /* Resources */ = {
			isa = PBXResourcesBuildPhase;
			buildActionMask = 2147483647;
			files = (
				D6479E5A2B0B0F8D00AC6BBD /* Preview Assets.xcassets in Resources */,
				D6479E572B0B0F8D00AC6BBD /* Assets.xcassets in Resources */,
			);
			runOnlyForDeploymentPostprocessing = 0;
		};
		D6479E5D2B0B0F8D00AC6BBD /* Resources */ = {
			isa = PBXResourcesBuildPhase;
			buildActionMask = 2147483647;
			files = (
			);
			runOnlyForDeploymentPostprocessing = 0;
		};
		D6479E672B0B0F8D00AC6BBD /* Resources */ = {
			isa = PBXResourcesBuildPhase;
			buildActionMask = 2147483647;
			files = (
			);
			runOnlyForDeploymentPostprocessing = 0;
		};
/* End PBXResourcesBuildPhase section */

/* Begin PBXSourcesBuildPhase section */
		D6479E4B2B0B0F8B00AC6BBD /* Sources */ = {
			isa = PBXSourcesBuildPhase;
			buildActionMask = 2147483647;
			files = (
				D6479E552B0B0F8B00AC6BBD /* ContentView.swift in Sources */,
				D6479E532B0B0F8B00AC6BBD /* SMARTAPPApp.swift in Sources */,
			);
			runOnlyForDeploymentPostprocessing = 0;
		};
		D6479E5B2B0B0F8D00AC6BBD /* Sources */ = {
			isa = PBXSourcesBuildPhase;
			buildActionMask = 2147483647;
			files = (
				D6479E642B0B0F8D00AC6BBD /* SMARTAPPTests.swift in Sources */,
			);
			runOnlyForDeploymentPostprocessing = 0;
		};
		D6479E652B0B0F8D00AC6BBD /* Sources */ = {
			isa = PBXSourcesBuildPhase;
			buildActionMask = 2147483647;
			files = (
				D6479E702B0B0F8D00AC6BBD /* SMARTAPPUITestsLaunchTests.swift in Sources */,
				D6479E6E2B0B0F8D00AC6BBD /* SMARTAPPUITests.swift in Sources */,
			);
			runOnlyForDeploymentPostprocessing = 0;
		};
/* End PBXSourcesBuildPhase section */

/* Begin PBXTargetDependency section */
		D6479E612B0B0F8D00AC6BBD /* PBXTargetDependency */ = {
			isa = PBXTargetDependency;
			target = D6479E4E2B0B0F8B00AC6BBD /* SMARTAPP */;
			targetProxy = D6479E602B0B0F8D00AC6BBD /* PBXContainerItemProxy */;
		};
		D6479E6B2B0B0F8D00AC6BBD /* PBXTargetDependency */ = {
			isa = PBXTargetDependency;
			target = D6479E4E2B0B0F8B00AC6BBD /* SMARTAPP */;
			targetProxy = D6479E6A2B0B0F8D00AC6BBD /* PBXContainerItemProxy */;
		};
/* End PBXTargetDependency section */

/* Begin XCBuildConfiguration section */
		D6479E712B0B0F8D00AC6BBD /* Debug */ = {
			isa = XCBuildConfiguration;
			buildSettings = {
				ALWAYS_SEARCH_USER_PATHS = NO;
				ASSETCATALOG_COMPILER_GENERATE_SWIFT_ASSET_SYMBOL_EXTENSIONS = YES;
				CLANG_ANALYZER_NONNULL = YES;
				CLANG_ANALYZER_NUMBER_OBJECT_CONVERSION = YES_AGGRESSIVE;
				CLANG_CXX_LANGUAGE_STANDARD = "gnu++20";
				CLANG_ENABLE_MODULES = YES;
				CLANG_ENABLE_OBJC_ARC = YES;
				CLANG_ENABLE_OBJC_WEAK = YES;
				CLANG_WARN_BLOCK_CAPTURE_AUTORELEASING = YES;
				CLANG_WARN_BOOL_CONVERSION = YES;
				CLANG_WARN_COMMA = YES;
				CLANG_WARN_CONSTANT_CONVERSION = YES;
				CLANG_WARN_DEPRECATED_OBJC_IMPLEMENTATIONS = YES;
				CLANG_WARN_DIRECT_OBJC_ISA_USAGE = YES_ERROR;
				CLANG_WARN_DOCUMENTATION_COMMENTS = YES;
				CLANG_WARN_EMPTY_BODY = YES;
				CLANG_WARN_ENUM_CONVERSION = YES;
				CLANG_WARN_INFINITE_RECURSION = YES;
				CLANG_WARN_INT_CONVERSION = YES;
				CLANG_WARN_NON_LITERAL_NULL_CONVERSION = YES;
				CLANG_WARN_OBJC_IMPLICIT_RETAIN_SELF = YES;
				CLANG_WARN_OBJC_LITERAL_CONVERSION = YES;
				CLANG_WARN_OBJC_ROOT_CLASS = YES_ERROR;
				CLANG_WARN_QUOTED_INCLUDE_IN_FRAMEWORK_HEADER = YES;
				CLANG_WARN_RANGE_LOOP_ANALYSIS = YES;
				CLANG_WARN_STRICT_PROTOTYPES = YES;
				CLANG_WARN_SUSPICIOUS_MOVE = YES;
				CLANG_WARN_UNGUARDED_AVAILABILITY = YES_AGGRESSIVE;
				CLANG_WARN_UNREACHABLE_CODE = YES;
				CLANG_WARN__DUPLICATE_METHOD_MATCH = YES;
				COPY_PHASE_STRIP = NO;
				DEBUG_INFORMATION_FORMAT = dwarf;
				ENABLE_STRICT_OBJC_MSGSEND = YES;
				ENABLE_TESTABILITY = YES;
				ENABLE_USER_SCRIPT_SANDBOXING = YES;
				GCC_C_LANGUAGE_STANDARD = gnu17;
				GCC_DYNAMIC_NO_PIC = NO;
				GCC_NO_COMMON_BLOCKS = YES;
				GCC_OPTIMIZATION_LEVEL = 0;
				GCC_PREPROCESSOR_DEFINITIONS = (
					"DEBUG=1",
					"$(inherited)",
				);
				GCC_WARN_64_TO_32_BIT_CONVERSION = YES;
				GCC_WARN_ABOUT_RETURN_TYPE = YES_ERROR;
				GCC_WARN_UNDECLARED_SELECTOR = YES;
				GCC_WARN_UNINITIALIZED_AUTOS = YES_AGGRESSIVE;
				GCC_WARN_UNUSED_FUNCTION = YES;
				GCC_WARN_UNUSED_VARIABLE = YES;
				IPHONEOS_DEPLOYMENT_TARGET = 17.0;
				LOCALIZATION_PREFERS_STRING_CATALOGS = YES;
				MTL_ENABLE_DEBUG_INFO = INCLUDE_SOURCE;
				MTL_FAST_MATH = YES;
				ONLY_ACTIVE_ARCH = YES;
				SDKROOT = iphoneos;
				SWIFT_ACTIVE_COMPILATION_CONDITIONS = "DEBUG $(inherited)";
				SWIFT_OPTIMIZATION_LEVEL = "-Onone";
			};
			name = Debug;
		};
		D6479E722B0B0F8D00AC6BBD /* Release */ = {
			isa = XCBuildConfiguration;
			buildSettings = {
				ALWAYS_SEARCH_USER_PATHS = NO;
				ASSETCATALOG_COMPILER_GENERATE_SWIFT_ASSET_SYMBOL_EXTENSIONS = YES;
				CLANG_ANALYZER_NONNULL = YES;
				CLANG_ANALYZER_NUMBER_OBJECT_CONVERSION = YES_AGGRESSIVE;
				CLANG_CXX_LANGUAGE_STANDARD = "gnu++20";
				CLANG_ENABLE_MODULES = YES;
				CLANG_ENABLE_OBJC_ARC = YES;
				CLANG_ENABLE_OBJC_WEAK = YES;
				CLANG_WARN_BLOCK_CAPTURE_AUTORELEASING = YES;
				CLANG_WARN_BOOL_CONVERSION = YES;
				CLANG_WARN_COMMA = YES;
				CLANG_WARN_CONSTANT_CONVERSION = YES;
				CLANG_WARN_DEPRECATED_OBJC_IMPLEMENTATIONS = YES;
				CLANG_WARN_DIRECT_OBJC_ISA_USAGE = YES_ERROR;
				CLANG_WARN_DOCUMENTATION_COMMENTS = YES;
				CLANG_WARN_EMPTY_BODY = YES;
				CLANG_WARN_ENUM_CONVERSION = YES;
				CLANG_WARN_INFINITE_RECURSION = YES;
				CLANG_WARN_INT_CONVERSION = YES;
				CLANG_WARN_NON_LITERAL_NULL_CONVERSION = YES;
				CLANG_WARN_OBJC_IMPLICIT_RETAIN_SELF = YES;
				CLANG_WARN_OBJC_LITERAL_CONVERSION = YES;
				CLANG_WARN_OBJC_ROOT_CLASS = YES_ERROR;
				CLANG_WARN_QUOTED_INCLUDE_IN_FRAMEWORK_HEADER = YES;
				CLANG_WARN_RANGE_LOOP_ANALYSIS = YES;
				CLANG_WARN_STRICT_PROTOTYPES = YES;
				CLANG_WARN_SUSPICIOUS_MOVE = YES;
				CLANG_WARN_UNGUARDED_AVAILABILITY = YES_AGGRESSIVE;
				CLANG_WARN_UNREACHABLE_CODE = YES;
				CLANG_WARN__DUPLICATE_METHOD_MATCH = YES;
				COPY_PHASE_STRIP = NO;
				DEBUG_INFORMATION_FORMAT = "dwarf-with-dsym";
				ENABLE_NS_ASSERTIONS = NO;
				ENABLE_STRICT_OBJC_MSGSEND = YES;
				ENABLE_USER_SCRIPT_SANDBOXING = YES;
				GCC_C_LANGUAGE_STANDARD = gnu17;
				GCC_NO_COMMON_BLOCKS = YES;
				GCC_WARN_64_TO_32_BIT_CONVERSION = YES;
				GCC_WARN_ABOUT_RETURN_TYPE = YES_ERROR;
				GCC_WARN_UNDECLARED_SELECTOR = YES;
				GCC_WARN_UNINITIALIZED_AUTOS = YES_AGGRESSIVE;
				GCC_WARN_UNUSED_FUNCTION = YES;
				GCC_WARN_UNUSED_VARIABLE = YES;
				IPHONEOS_DEPLOYMENT_TARGET = 17.0;
				LOCALIZATION_PREFERS_STRING_CATALOGS = YES;
				MTL_ENABLE_DEBUG_INFO = NO;
				MTL_FAST_MATH = YES;
				SDKROOT = iphoneos;
				SWIFT_COMPILATION_MODE = wholemodule;
				VALIDATE_PRODUCT = YES;
			};
			name = Release;
		};
		D6479E742B0B0F8D00AC6BBD /* Debug */ = {
			isa = XCBuildConfiguration;
			buildSettings = {
				ASSETCATALOG_COMPILER_APPICON_NAME = AppIcon;
				ASSETCATALOG_COMPILER_GLOBAL_ACCENT_COLOR_NAME = AccentColor;
				CODE_SIGN_STYLE = Automatic;
				CURRENT_PROJECT_VERSION = 1;
				DEVELOPMENT_ASSET_PATHS = "\"SMARTAPP/Preview Content\"";
				ENABLE_PREVIEWS = YES;
				GENERATE_INFOPLIST_FILE = YES;
				INFOPLIST_KEY_UIApplicationSceneManifest_Generation = YES;
				INFOPLIST_KEY_UIApplicationSupportsIndirectInputEvents = YES;
				INFOPLIST_KEY_UILaunchScreen_Generation = YES;
				INFOPLIST_KEY_UISupportedInterfaceOrientations_iPad = "UIInterfaceOrientationPortrait UIInterfaceOrientationPortraitUpsideDown UIInterfaceOrientationLandscapeLeft UIInterfaceOrientationLandscapeRight";
				INFOPLIST_KEY_UISupportedInterfaceOrientations_iPhone = "UIInterfaceOrientationPortrait UIInterfaceOrientationLandscapeLeft UIInterfaceOrientationLandscapeRight";
				LD_RUNPATH_SEARCH_PATHS = (
					"$(inherited)",
					"@executable_path/Frameworks",
				);
				MARKETING_VERSION = 1.0;
				PRODUCT_BUNDLE_IDENTIFIER = SMART.SMARTAPP;
				PRODUCT_NAME = "$(TARGET_NAME)";
				SWIFT_EMIT_LOC_STRINGS = YES;
				SWIFT_VERSION = 5.0;
				TARGETED_DEVICE_FAMILY = "1,2";
			};
			name = Debug;
		};
		D6479E752B0B0F8D00AC6BBD /* Release */ = {
			isa = XCBuildConfiguration;
			buildSettings = {
				ASSETCATALOG_COMPILER_APPICON_NAME = AppIcon;
				ASSETCATALOG_COMPILER_GLOBAL_ACCENT_COLOR_NAME = AccentColor;
				CODE_SIGN_STYLE = Automatic;
				CURRENT_PROJECT_VERSION = 1;
				DEVELOPMENT_ASSET_PATHS = "\"SMARTAPP/Preview Content\"";
				ENABLE_PREVIEWS = YES;
				GENERATE_INFOPLIST_FILE = YES;
				INFOPLIST_KEY_UIApplicationSceneManifest_Generation = YES;
				INFOPLIST_KEY_UIApplicationSupportsIndirectInputEvents = YES;
				INFOPLIST_KEY_UILaunchScreen_Generation = YES;
				INFOPLIST_KEY_UISupportedInterfaceOrientations_iPad = "UIInterfaceOrientationPortrait UIInterfaceOrientationPortraitUpsideDown UIInterfaceOrientationLandscapeLeft UIInterfaceOrientationLandscapeRight";
				INFOPLIST_KEY_UISupportedInterfaceOrientations_iPhone = "UIInterfaceOrientationPortrait UIInterfaceOrientationLandscapeLeft UIInterfaceOrientationLandscapeRight";
				LD_RUNPATH_SEARCH_PATHS = (
					"$(inherited)",
					"@executable_path/Frameworks",
				);
				MARKETING_VERSION = 1.0;
				PRODUCT_BUNDLE_IDENTIFIER = SMART.SMARTAPP;
				PRODUCT_NAME = "$(TARGET_NAME)";
				SWIFT_EMIT_LOC_STRINGS = YES;
				SWIFT_VERSION = 5.0;
				TARGETED_DEVICE_FAMILY = "1,2";
			};
			name = Release;
		};
		D6479E772B0B0F8D00AC6BBD /* Debug */ = {
			isa = XCBuildConfiguration;
			buildSettings = {
				ALWAYS_EMBED_SWIFT_STANDARD_LIBRARIES = YES;
				BUNDLE_LOADER = "$(TEST_HOST)";
				CODE_SIGN_STYLE = Automatic;
				CURRENT_PROJECT_VERSION = 1;
				GENERATE_INFOPLIST_FILE = YES;
				IPHONEOS_DEPLOYMENT_TARGET = 17.0;
				MARKETING_VERSION = 1.0;
				PRODUCT_BUNDLE_IDENTIFIER = SMART.SMARTAPPTests;
				PRODUCT_NAME = "$(TARGET_NAME)";
				SWIFT_EMIT_LOC_STRINGS = NO;
				SWIFT_VERSION = 5.0;
				TARGETED_DEVICE_FAMILY = "1,2";
				TEST_HOST = "$(BUILT_PRODUCTS_DIR)/SMARTAPP.app/$(BUNDLE_EXECUTABLE_FOLDER_PATH)/SMARTAPP";
			};
			name = Debug;
		};
		D6479E782B0B0F8D00AC6BBD /* Release */ = {
			isa = XCBuildConfiguration;
			buildSettings = {
				ALWAYS_EMBED_SWIFT_STANDARD_LIBRARIES = YES;
				BUNDLE_LOADER = "$(TEST_HOST)";
				CODE_SIGN_STYLE = Automatic;
				CURRENT_PROJECT_VERSION = 1;
				GENERATE_INFOPLIST_FILE = YES;
				IPHONEOS_DEPLOYMENT_TARGET = 17.0;
				MARKETING_VERSION = 1.0;
				PRODUCT_BUNDLE_IDENTIFIER = SMART.SMARTAPPTests;
				PRODUCT_NAME = "$(TARGET_NAME)";
				SWIFT_EMIT_LOC_STRINGS = NO;
				SWIFT_VERSION = 5.0;
				TARGETED_DEVICE_FAMILY = "1,2";
				TEST_HOST = "$(BUILT_PRODUCTS_DIR)/SMARTAPP.app/$(BUNDLE_EXECUTABLE_FOLDER_PATH)/SMARTAPP";
			};
			name = Release;
		};
		D6479E7A2B0B0F8D00AC6BBD /* Debug */ = {
			isa = XCBuildConfiguration;
			buildSettings = {
				ALWAYS_EMBED_SWIFT_STANDARD_LIBRARIES = YES;
				CODE_SIGN_STYLE = Automatic;
				CURRENT_PROJECT_VERSION = 1;
				GENERATE_INFOPLIST_FILE = YES;
				MARKETING_VERSION = 1.0;
				PRODUCT_BUNDLE_IDENTIFIER = SMART.SMARTAPPUITests;
				PRODUCT_NAME = "$(TARGET_NAME)";
				SWIFT_EMIT_LOC_STRINGS = NO;
				SWIFT_VERSION = 5.0;
				TARGETED_DEVICE_FAMILY = "1,2";
				TEST_TARGET_NAME = SMARTAPP;
			};
			name = Debug;
		};
		D6479E7B2B0B0F8D00AC6BBD /* Release */ = {
			isa = XCBuildConfiguration;
			buildSettings = {
				ALWAYS_EMBED_SWIFT_STANDARD_LIBRARIES = YES;
				CODE_SIGN_STYLE = Automatic;
				CURRENT_PROJECT_VERSION = 1;
				GENERATE_INFOPLIST_FILE = YES;
				MARKETING_VERSION = 1.0;
				PRODUCT_BUNDLE_IDENTIFIER = SMART.SMARTAPPUITests;
				PRODUCT_NAME = "$(TARGET_NAME)";
				SWIFT_EMIT_LOC_STRINGS = NO;
				SWIFT_VERSION = 5.0;
				TARGETED_DEVICE_FAMILY = "1,2";
				TEST_TARGET_NAME = SMARTAPP;
			};
			name = Release;
		};
/* End XCBuildConfiguration section */

/* Begin XCConfigurationList section */
		D6479E4A2B0B0F8B00AC6BBD /* Build configuration list for PBXProject "SMARTAPP" */ = {
			isa = XCConfigurationList;
			buildConfigurations = (
				D6479E712B0B0F8D00AC6BBD /* Debug */,
				D6479E722B0B0F8D00AC6BBD /* Release */,
			);
			defaultConfigurationIsVisible = 0;
			defaultConfigurationName = Release;
		};
		D6479E732B0B0F8D00AC6BBD /* Build configuration list for PBXNativeTarget "SMARTAPP" */ = {
			isa = XCConfigurationList;
			buildConfigurations = (
				D6479E742B0B0F8D00AC6BBD /* Debug */,
				D6479E752B0B0F8D00AC6BBD /* Release */,
			);
			defaultConfigurationIsVisible = 0;
			defaultConfigurationName = Release;
		};
		D6479E762B0B0F8D00AC6BBD /* Build configuration list for PBXNativeTarget "SMARTAPPTests" */ = {
			isa = XCConfigurationList;
			buildConfigurations = (
				D6479E772B0B0F8D00AC6BBD /* Debug */,
				D6479E782B0B0F8D00AC6BBD /* Release */,
			);
			defaultConfigurationIsVisible = 0;
			defaultConfigurationName = Release;
		};
		D6479E792B0B0F8D00AC6BBD /* Build configuration list for PBXNativeTarget "SMARTAPPUITests" */ = {
			isa = XCConfigurationList;
			buildConfigurations = (
				D6479E7A2B0B0F8D00AC6BBD /* Debug */,
				D6479E7B2B0B0F8D00AC6BBD /* Release */,
			);
			defaultConfigurationIsVisible = 0;
			defaultConfigurationName = Release;
		};
/* End XCConfigurationList section */
	};
	rootObject = D6479E472B0B0F8B00AC6BBD /* Project object */;
}
